github.com/dvcrn/moneyforward-go v0.0.0-20241226020740-d82b22c5cecb h1:2uJT0qzyKdLEiDZ1kXmIaLipwbZVWfktUsHsC/8+dnM=
github.com/dvcrn/moneyforward-go v0.0.0-20241226020740-d82b22c5cecb/go.mod h1:Lyg3/WrR+EbIKArGKyq9czEPICB17hJyouZdYtTvccI=
github.com/dvcrn/pocketsmith-go v0.0.0-20241213060714-89b97a49580f h1:Trmx/7H3wLC//GHg7CmdZ29UZ0msNe8xuhpYeLJzJKs=
github.com/dvcrn/pocketsmith-go v0.0.0-20241213060714-89b97a49580f/go.mod h1:rRx2gtJK+78Po3CCQzaZzfb7rcNSxhq4r3xz7Cj9U8M=
github.com/dvcrn/pocketsmith-go v0.0.0-20250108090313-1c1d1a55f5af h1:1hsozVAQ/2JOUp0JjVyvdt7f4j2FAAUQcT+nUzijNV4=
github.com/dvcrn/pocketsmith-go v0.0.0-20250108090313-1c1d1a55f5af/go.mod h1:rRx2gtJK+78Po3CCQzaZzfb7rcNSxhq4r3xz7Cj9U8M=
github.com/dvcrn/romajiconv v0.0.0-20241213072709-a51aa4b3f569 h1:dCODEB537llvB2u2EgClGkaoiPnGnd42Jp1LDQqiqak=
github.com/dvcrn/romajiconv v0.0.0-20241213072709-a51aa4b3f569/go.mod h1:Spm4oRihWuuSf6znGoXTFPj3aafW1DRFWfSEDiPGsFE=
